{
  "name": "melad_software",
  "lockfileVersion": 3,
  "requires": true,
  "packages": {
    "": {
      "dependencies": {
        "arabic-persian-reshaper": "^1.0.1"
      }
    },
    "node_modules/arabic-persian-reshaper": {
      "version": "1.0.1",
      "resolved": "https://registry.npmjs.org/arabic-persian-reshaper/-/arabic-persian-reshaper-1.0.1.tgz",
      "integrity": "sha512-VYBjkhz6o4W1Xt4mD2LAReljJpLSw5CUZMqSBDIQRvFgUSlTKEYghapgBWvkeMWF4W+KF3Fm+/z8EywJU4PBeg==",
      "license": "MIT"
    }
  }
}
